
Microsoft Visual Studio Solution File, Format Version 12.00
# Visual Studio Version 16
VisualStudioVersion = 16.0.31402.337
MinimumVisualStudioVersion = 10.0.40219.1
Project("{8BC9CEB8-8B4A-11D0-8D11-00A0C91BC942}") = "Kebab Engine", "Kebab Engine\Kebab Engine.vcxproj", "{23BF3FDB-9790-46A0-AFBF-41C11F54736B}"
EndProject
Project("{8BC9CEB8-8B4A-11D0-8D11-00A0C91BC942}") = "MathGeoLib", "Kebab Engine\Source\External\MathGeoLib\MathGeoLib.vcxproj", "{D4F59A3D-3135-32AC-80DF-7507099A7481}"
EndProject
Global
	GlobalSection(SolutionConfigurationPlatforms) = preSolution
		Debug|x64 = Debug|x64
		Debug|x86 = Debug|x86
		Release|x64 = Release|x64
		Release|x86 = Release|x86
	EndGlobalSection
	GlobalSection(ProjectConfigurationPlatforms) = postSolution
		{23BF3FDB-9790-46A0-AFBF-41C11F54736B}.Debug|x64.ActiveCfg = Debug|x64
		{23BF3FDB-9790-46A0-AFBF-41C11F54736B}.Debug|x64.Build.0 = Debug|x64
		{23BF3FDB-9790-46A0-AFBF-41C11F54736B}.Debug|x86.ActiveCfg = Debug|Win32
		{23BF3FDB-9790-46A0-AFBF-41C11F54736B}.Debug|x86.Build.0 = Debug|Win32
		{23BF3FDB-9790-46A0-AFBF-41C11F54736B}.Release|x64.ActiveCfg = Release|x64
		{23BF3FDB-9790-46A0-AFBF-41C11F54736B}.Release|x64.Build.0 = Release|x64
		{23BF3FDB-9790-46A0-AFBF-41C11F54736B}.Release|x86.ActiveCfg = Release|Win32
		{23BF3FDB-9790-46A0-AFBF-41C11F54736B}.Release|x86.Build.0 = Release|Win32
		{D4F59A3D-3135-32AC-80DF-7507099A7481}.Debug|x64.ActiveCfg = Debug|Win32
		{D4F59A3D-3135-32AC-80DF-7507099A7481}.Debug|x86.ActiveCfg = Debug|Win32
		{D4F59A3D-3135-32AC-80DF-7507099A7481}.Debug|x86.Build.0 = Debug|Win32
		{D4F59A3D-3135-32AC-80DF-7507099A7481}.Release|x64.ActiveCfg = Release|Win32
		{D4F59A3D-3135-32AC-80DF-7507099A7481}.Release|x86.ActiveCfg = Release|Win32
		{D4F59A3D-3135-32AC-80DF-7507099A7481}.Release|x86.Build.0 = Release|Win32
	EndGlobalSection
	GlobalSection(SolutionProperties) = preSolution
		HideSolutionNode = FALSE
	EndGlobalSection
	GlobalSection(ExtensibilityGlobals) = postSolution
		SolutionGuid = {9638E5FC-C317-4ADB-ACD0-E7780F76F992}
	EndGlobalSection
EndGlobal
