<?xml version="1.0" encoding="utf-8"?>
<Project ToolsVersion="4.0" xmlns="http://schemas.microsoft.com/developer/msbuild/2003">
  <ItemGroup>
    <ClCompile Include="Source\Application.cpp">
      <Filter>Source Files</Filter>
    </ClCompile>
    <ClCompile Include="Source\Main.cpp">
      <Filter>Source Files</Filter>
    </ClCompile>
    <ClCompile Include="Source\Camera3D.cpp">
      <Filter>Source Files\Modules</Filter>
    </ClCompile>
    <ClCompile Include="Source\Editor.cpp">
      <Filter>Source Files\Modules</Filter>
    </ClCompile>
    <ClCompile Include="Source\Input.cpp">
      <Filter>Source Files\Modules</Filter>
    </ClCompile>
    <ClCompile Include="Source\MainScene.cpp">
      <Filter>Source Files\Modules</Filter>
    </ClCompile>
    <ClCompile Include="Source\Renderer3D.cpp">
      <Filter>Source Files\Modules</Filter>
    </ClCompile>
    <ClCompile Include="Source\Window.cpp">
      <Filter>Source Files\Modules</Filter>
    </ClCompile>
    <ClCompile Include="Source\PanelConfiguration.cpp">
      <Filter>Source Files\Panels</Filter>
    </ClCompile>
    <ClCompile Include="Source\PanelConsole.cpp">
      <Filter>Source Files\Panels</Filter>
    </ClCompile>
    <ClCompile Include="Source\PanelHierarchy.cpp">
      <Filter>Source Files\Panels</Filter>
    </ClCompile>
    <ClCompile Include="Source\PanelViewport.cpp">
      <Filter>Source Files\Panels</Filter>
    </ClCompile>
    <ClCompile Include="Source\VertexArray.cpp">
      <Filter>Source Files\Render</Filter>
    </ClCompile>
    <ClCompile Include="Source\Buffer.cpp">
      <Filter>Source Files\Render</Filter>
    </ClCompile>
    <ClCompile Include="Source\FileSystem.cpp">
      <Filter>Source Files\Modules</Filter>
    </ClCompile>
    <ClCompile Include="Source\Color.cpp">
      <Filter>Source Files\Utils</Filter>
    </ClCompile>
    <ClCompile Include="Source\Light.cpp">
      <Filter>Source Files\Utils</Filter>
    </ClCompile>
    <ClCompile Include="Source\log.cpp">
      <Filter>Source Files\Utils</Filter>
    </ClCompile>
    <ClCompile Include="Source\Timer.cpp">
      <Filter>Source Files\Utils</Filter>
    </ClCompile>
    <ClCompile Include="Source\External\imgui\imgui.cpp">
      <Filter>Source Files\3rd Parties\Imgui</Filter>
    </ClCompile>
    <ClCompile Include="Source\External\imgui\imgui_demo.cpp">
      <Filter>Source Files\3rd Parties\Imgui</Filter>
    </ClCompile>
    <ClCompile Include="Source\External\imgui\imgui_draw.cpp">
      <Filter>Source Files\3rd Parties\Imgui</Filter>
    </ClCompile>
    <ClCompile Include="Source\External\imgui\imgui_impl_opengl3.cpp">
      <Filter>Source Files\3rd Parties\Imgui</Filter>
    </ClCompile>
    <ClCompile Include="Source\External\imgui\imgui_impl_sdl.cpp">
      <Filter>Source Files\3rd Parties\Imgui</Filter>
    </ClCompile>
    <ClCompile Include="Source\External\imgui\imgui_tables.cpp">
      <Filter>Source Files\3rd Parties\Imgui</Filter>
    </ClCompile>
    <ClCompile Include="Source\External\imgui\imgui_widgets.cpp">
      <Filter>Source Files\3rd Parties\Imgui</Filter>
    </ClCompile>
    <ClCompile Include="Source\External\mmgr\mmgr.cpp">
      <Filter>Source Files\3rd Parties\mmgr</Filter>
    </ClCompile>
    <ClCompile Include="Source\External\parson\src\parson.c">
      <Filter>Source Files\3rd Parties\JParson</Filter>
    </ClCompile>
    <ClCompile Include="Source\GameObject.cpp">
      <Filter>Source Files\GameObjects</Filter>
    </ClCompile>
    <ClCompile Include="Source\ComponentTransform.cpp">
      <Filter>Source Files\GameObjects\Components</Filter>
    </ClCompile>
    <ClCompile Include="Source\ComponentMesh.cpp">
      <Filter>Source Files\GameObjects\Components</Filter>
    </ClCompile>
    <ClCompile Include="Source\ComponentMaterial.cpp">
      <Filter>Source Files\GameObjects\Components</Filter>
    </ClCompile>
    <ClCompile Include="Source\PanelInspector.cpp">
      <Filter>Source Files\Panels</Filter>
    </ClCompile>
    <ClCompile Include="Source\MeshLoader.cpp">
      <Filter>Source Files\Importers</Filter>
    </ClCompile>
    <ClCompile Include="Source\TextureLoader.cpp">
      <Filter>Source Files\Importers</Filter>
    </ClCompile>
    <ClCompile Include="Source\ComponentCamera.cpp">
      <Filter>Source Files\GameObjects\Components</Filter>
    </ClCompile>
    <ClCompile Include="Source\External\par\par_shapes.cpp">
      <Filter>Source Files\3rd Parties\par</Filter>
    </ClCompile>
    <ClCompile Include="Source\PanelAssets.cpp">
      <Filter>Source Files\Panels</Filter>
    </ClCompile>
    <ClCompile Include="Source\Parser.cpp">
      <Filter>Source Files\Utils</Filter>
    </ClCompile>
    <ClCompile Include="Source\External\ImGuizmo\GraphEditor.cpp">
      <Filter>Source Files\3rd Parties\ImGuizmo</Filter>
    </ClCompile>
    <ClCompile Include="Source\External\ImGuizmo\ImCurveEdit.cpp">
      <Filter>Source Files\3rd Parties\ImGuizmo</Filter>
    </ClCompile>
    <ClCompile Include="Source\External\ImGuizmo\ImGradient.cpp">
      <Filter>Source Files\3rd Parties\ImGuizmo</Filter>
    </ClCompile>
    <ClCompile Include="Source\External\ImGuizmo\ImGuizmo.cpp">
      <Filter>Source Files\3rd Parties\ImGuizmo</Filter>
    </ClCompile>
    <ClCompile Include="Source\External\ImGuizmo\ImSequencer.cpp">
      <Filter>Source Files\3rd Parties\ImGuizmo</Filter>
    </ClCompile>
    <ClCompile Include="Source\QuadTree.cpp">
      <Filter>Source Files\Space Partition</Filter>
    </ClCompile>
    <ClCompile Include="Source\PanelScene.cpp">
      <Filter>Source Files\Panels</Filter>
    </ClCompile>
    <ClCompile Include="Source\KbCube.cpp">
      <Filter>Source Files\Geometry</Filter>
    </ClCompile>
    <ClCompile Include="Source\KbCylinder.cpp">
      <Filter>Source Files\Geometry</Filter>
    </ClCompile>
    <ClCompile Include="Source\KbPlane.cpp">
      <Filter>Source Files\Geometry</Filter>
    </ClCompile>
    <ClCompile Include="Source\KbPyramid.cpp">
      <Filter>Source Files\Geometry</Filter>
    </ClCompile>
    <ClCompile Include="Source\KbSphere.cpp">
      <Filter>Source Files\Geometry</Filter>
    </ClCompile>
    <ClCompile Include="Source\PanelGameDebugInfo.cpp">
      <Filter>Source Files\Panels</Filter>
    </ClCompile>
    <ClCompile Include="Source\ResourceManager.cpp">
      <Filter>Source Files</Filter>
    </ClCompile>
    <ClCompile Include="Source\KbMesh.cpp">
      <Filter>Source Files\Resources</Filter>
    </ClCompile>
    <ClCompile Include="Source\Material.cpp">
      <Filter>Source Files\Resources</Filter>
    </ClCompile>
    <ClCompile Include="Source\Texture.cpp">
      <Filter>Source Files\Resources</Filter>
    </ClCompile>
    <ClCompile Include="Source\FileDialog.cpp">
      <Filter>Source Files\Utils</Filter>
    </ClCompile>
    <ClCompile Include="Source\Model.cpp">
      <Filter>Source Files\Resources</Filter>
    </ClCompile>
    <ClCompile Include="Source\PanelImportTexture.cpp">
      <Filter>Source Files\Panels</Filter>
    </ClCompile>
    <ClCompile Include="Source\PanelImportModel.cpp">
      <Filter>Source Files\Panels</Filter>
    </ClCompile>
    <ClCompile Include="Source\Shader.cpp">
      <Filter>Source Files\Render</Filter>
    </ClCompile>
    <ClCompile Include="Source\External\ImGuiColorTextEdit\TextEditor.cpp">
      <Filter>Source Files\Utils</Filter>
    </ClCompile>
    <ClCompile Include="Source\PanelEditShader.cpp">
      <Filter>Source Files\Panels</Filter>
    </ClCompile>
    <ClCompile Include="Source\ComponentLight.cpp">
      <Filter>Source Files\GameObjects\Components</Filter>
    </ClCompile>
    <ClCompile Include="Source\PanelLightSettings.cpp">
      <Filter>Source Files\Panels</Filter>
    </ClCompile>
  </ItemGroup>
  <ItemGroup>
    <ClInclude Include="Source\Application.h">
      <Filter>Source Files</Filter>
    </ClInclude>
    <ClInclude Include="Source\Camera3D.h">
      <Filter>Source Files\Modules</Filter>
    </ClInclude>
    <ClInclude Include="Source\Editor.h">
      <Filter>Source Files\Modules</Filter>
    </ClInclude>
    <ClInclude Include="Source\Input.h">
      <Filter>Source Files\Modules</Filter>
    </ClInclude>
    <ClInclude Include="Source\MainScene.h">
      <Filter>Source Files\Modules</Filter>
    </ClInclude>
    <ClInclude Include="Source\Module.h">
      <Filter>Source Files\Modules</Filter>
    </ClInclude>
    <ClInclude Include="Source\Renderer3D.h">
      <Filter>Source Files\Modules</Filter>
    </ClInclude>
    <ClInclude Include="Source\Window.h">
      <Filter>Source Files\Modules</Filter>
    </ClInclude>
    <ClInclude Include="Source\Panel.h">
      <Filter>Source Files\Panels</Filter>
    </ClInclude>
    <ClInclude Include="Source\PanelConfiguration.h">
      <Filter>Source Files\Panels</Filter>
    </ClInclude>
    <ClInclude Include="Source\PanelConsole.h">
      <Filter>Source Files\Panels</Filter>
    </ClInclude>
    <ClInclude Include="Source\PanelHierarchy.h">
      <Filter>Source Files\Panels</Filter>
    </ClInclude>
    <ClInclude Include="Source\PanelViewport.h">
      <Filter>Source Files\Panels</Filter>
    </ClInclude>
    <ClInclude Include="Source\VertexArray.h">
      <Filter>Source Files\Render</Filter>
    </ClInclude>
    <ClInclude Include="Source\Buffer.h">
      <Filter>Source Files\Render</Filter>
    </ClInclude>
    <ClInclude Include="Source\GameObject.h">
      <Filter>Source Files\GameObjects</Filter>
    </ClInclude>
    <ClInclude Include="Source\FileSystem.h">
      <Filter>Source Files\Modules</Filter>
    </ClInclude>
    <ClInclude Include="Source\Color.h">
      <Filter>Source Files\Utils</Filter>
    </ClInclude>
    <ClInclude Include="Source\Globals.h">
      <Filter>Source Files\Utils</Filter>
    </ClInclude>
    <ClInclude Include="Source\Light.h">
      <Filter>Source Files\Utils</Filter>
    </ClInclude>
    <ClInclude Include="Source\Component.h">
      <Filter>Source Files\GameObjects\Components</Filter>
    </ClInclude>
    <ClInclude Include="Source\External\imgui\imconfig.h">
      <Filter>Source Files\3rd Parties\Imgui</Filter>
    </ClInclude>
    <ClInclude Include="Source\External\imgui\imgui.h">
      <Filter>Source Files\3rd Parties\Imgui</Filter>
    </ClInclude>
    <ClInclude Include="Source\External\imgui\imgui_impl_opengl3.h">
      <Filter>Source Files\3rd Parties\Imgui</Filter>
    </ClInclude>
    <ClInclude Include="Source\External\imgui\imgui_impl_opengl3_loader.h">
      <Filter>Source Files\3rd Parties\Imgui</Filter>
    </ClInclude>
    <ClInclude Include="Source\External\imgui\imgui_impl_sdl.h">
      <Filter>Source Files\3rd Parties\Imgui</Filter>
    </ClInclude>
    <ClInclude Include="Source\External\imgui\imgui_internal.h">
      <Filter>Source Files\3rd Parties\Imgui</Filter>
    </ClInclude>
    <ClInclude Include="Source\External\imgui\imstb_rectpack.h">
      <Filter>Source Files\3rd Parties\Imgui</Filter>
    </ClInclude>
    <ClInclude Include="Source\External\imgui\imstb_textedit.h">
      <Filter>Source Files\3rd Parties\Imgui</Filter>
    </ClInclude>
    <ClInclude Include="Source\External\imgui\imstb_truetype.h">
      <Filter>Source Files\3rd Parties\Imgui</Filter>
    </ClInclude>
    <ClInclude Include="Source\External\mmgr\mmgr.h">
      <Filter>Source Files\3rd Parties\mmgr</Filter>
    </ClInclude>
    <ClInclude Include="Source\External\mmgr\nommgr.h">
      <Filter>Source Files\3rd Parties\mmgr</Filter>
    </ClInclude>
    <ClInclude Include="Source\External\parson\src\parson.h">
      <Filter>Source Files\3rd Parties\JParson</Filter>
    </ClInclude>
    <ClInclude Include="Source\Timer.h">
      <Filter>Source Files\Utils</Filter>
    </ClInclude>
    <ClInclude Include="Source\ComponentTransform.h">
      <Filter>Source Files\GameObjects\Components</Filter>
    </ClInclude>
    <ClInclude Include="Source\ComponentMesh.h">
      <Filter>Source Files\GameObjects\Components</Filter>
    </ClInclude>
    <ClInclude Include="Source\ComponentMaterial.h">
      <Filter>Source Files\GameObjects\Components</Filter>
    </ClInclude>
    <ClInclude Include="Source\PanelInspector.h">
      <Filter>Source Files\Panels</Filter>
    </ClInclude>
    <ClInclude Include="Source\MeshLoader.h">
      <Filter>Source Files\Importers</Filter>
    </ClInclude>
    <ClInclude Include="Source\TextureLoader.h">
      <Filter>Source Files\Importers</Filter>
    </ClInclude>
    <ClInclude Include="Source\ComponentCamera.h">
      <Filter>Source Files\GameObjects\Components</Filter>
    </ClInclude>
    <ClInclude Include="Source\External\par\par_shapes.h">
      <Filter>Source Files\3rd Parties\par</Filter>
    </ClInclude>
    <ClInclude Include="Source\PanelAssets.h">
      <Filter>Source Files\Panels</Filter>
    </ClInclude>
    <ClInclude Include="Source\Parser.h">
      <Filter>Source Files\Utils</Filter>
    </ClInclude>
    <ClInclude Include="Source\External\ImGuizmo\GraphEditor.h">
      <Filter>Source Files\3rd Parties\ImGuizmo</Filter>
    </ClInclude>
    <ClInclude Include="Source\External\ImGuizmo\ImCurveEdit.h">
      <Filter>Source Files\3rd Parties\ImGuizmo</Filter>
    </ClInclude>
    <ClInclude Include="Source\External\ImGuizmo\ImGradient.h">
      <Filter>Source Files\3rd Parties\ImGuizmo</Filter>
    </ClInclude>
    <ClInclude Include="Source\External\ImGuizmo\ImGuizmo.h">
      <Filter>Source Files\3rd Parties\ImGuizmo</Filter>
    </ClInclude>
    <ClInclude Include="Source\External\ImGuizmo\ImSequencer.h">
      <Filter>Source Files\3rd Parties\ImGuizmo</Filter>
    </ClInclude>
    <ClInclude Include="Source\External\ImGuizmo\ImZoomSlider.h">
      <Filter>Source Files\3rd Parties\ImGuizmo</Filter>
    </ClInclude>
    <ClInclude Include="Source\QdTree.h">
      <Filter>Source Files\Space Partition</Filter>
    </ClInclude>
    <ClInclude Include="Source\PanelScene.h">
      <Filter>Source Files\Panels</Filter>
    </ClInclude>
    <ClInclude Include="Source\KbCube.h">
      <Filter>Source Files\Geometry</Filter>
    </ClInclude>
    <ClInclude Include="Source\KbCylinder.h">
      <Filter>Source Files\Geometry</Filter>
    </ClInclude>
    <ClInclude Include="Source\KbPlane.h">
      <Filter>Source Files\Geometry</Filter>
    </ClInclude>
    <ClInclude Include="Source\KbPyramid.h">
      <Filter>Source Files\Geometry</Filter>
    </ClInclude>
    <ClInclude Include="Source\KbSphere.h">
      <Filter>Source Files\Geometry</Filter>
    </ClInclude>
    <ClInclude Include="Source\PanelGameDebugInfo.h">
      <Filter>Source Files\Panels</Filter>
    </ClInclude>
    <ClInclude Include="Source\ResourceManager.h">
      <Filter>Source Files</Filter>
    </ClInclude>
    <ClInclude Include="Source\KbMesh.h">
      <Filter>Source Files\Resources</Filter>
    </ClInclude>
    <ClInclude Include="Source\Material.h">
      <Filter>Source Files\Resources</Filter>
    </ClInclude>
    <ClInclude Include="Source\Texture.h">
      <Filter>Source Files\Resources</Filter>
    </ClInclude>
    <ClInclude Include="Source\Resource.h">
      <Filter>Source Files\Resources</Filter>
    </ClInclude>
    <ClInclude Include="Source\Vertex.h">
      <Filter>Source Files\Render</Filter>
    </ClInclude>
    <ClInclude Include="Source\FileDialog.h">
      <Filter>Source Files\Utils</Filter>
    </ClInclude>
    <ClInclude Include="Source\Model.h">
      <Filter>Source Files\Resources</Filter>
    </ClInclude>
    <ClInclude Include="Source\PanelImportTexture.h">
      <Filter>Source Files\Panels</Filter>
    </ClInclude>
    <ClInclude Include="Source\TextureProperties.h">
      <Filter>Source Files\Utils</Filter>
    </ClInclude>
    <ClInclude Include="Source\PanelImportModel.h">
      <Filter>Source Files\Panels</Filter>
    </ClInclude>
    <ClInclude Include="Source\ModelProperties.h">
      <Filter>Source Files\Utils</Filter>
    </ClInclude>
    <ClInclude Include="Source\Shader.h">
      <Filter>Source Files\Render</Filter>
    </ClInclude>
    <ClInclude Include="Source\External\ImGuiColorTextEdit\TextEditor.h">
      <Filter>Source Files\Utils</Filter>
    </ClInclude>
    <ClInclude Include="Source\PanelEditShader.h">
      <Filter>Source Files\Panels</Filter>
    </ClInclude>
    <ClInclude Include="Source\Lights.h">
      <Filter>Source Files\Render</Filter>
    </ClInclude>
    <ClInclude Include="Source\ComponentLight.h">
      <Filter>Source Files\GameObjects\Components</Filter>
    </ClInclude>
    <ClInclude Include="Source\PanelLightSettings.h">
      <Filter>Source Files\Panels</Filter>
    </ClInclude>
  </ItemGroup>
  <ItemGroup>
    <Filter Include="Source Files">
      <UniqueIdentifier>{e7a2786e-96ba-414f-a303-fde5ed68c715}</UniqueIdentifier>
    </Filter>
    <Filter Include="Source Files\Modules">
      <UniqueIdentifier>{023b35e4-e565-4de1-b817-0981ab9fdb05}</UniqueIdentifier>
    </Filter>
    <Filter Include="Source Files\Panels">
      <UniqueIdentifier>{21225385-a4b1-456d-9792-cf6a1876baf4}</UniqueIdentifier>
    </Filter>
    <Filter Include="Source Files\3rd Parties">
      <UniqueIdentifier>{7985a8ca-00b1-415b-9d95-45c8ec6ebe5f}</UniqueIdentifier>
    </Filter>
    <Filter Include="Source Files\GameObjects">
      <UniqueIdentifier>{e4a05aae-ece8-43d3-9479-76dd8ca8e2d3}</UniqueIdentifier>
    </Filter>
    <Filter Include="Source Files\Utils">
      <UniqueIdentifier>{393d9790-7d84-465f-9e05-58165118f97d}</UniqueIdentifier>
    </Filter>
    <Filter Include="Source Files\GameObjects\Components">
      <UniqueIdentifier>{1e7ab376-1166-47e5-b87a-7a7717a3e9dc}</UniqueIdentifier>
    </Filter>
    <Filter Include="Source Files\3rd Parties\Imgui">
      <UniqueIdentifier>{82cb710c-faed-4838-aec1-b2d54d79d0f7}</UniqueIdentifier>
    </Filter>
    <Filter Include="Source Files\3rd Parties\mmgr">
      <UniqueIdentifier>{12a8fcd0-272f-4a79-aa60-6c3360f159fa}</UniqueIdentifier>
    </Filter>
    <Filter Include="Source Files\3rd Parties\JParson">
      <UniqueIdentifier>{6b924778-a3d2-4920-8c87-518559a9e652}</UniqueIdentifier>
    </Filter>
    <Filter Include="Source Files\Render">
      <UniqueIdentifier>{38dd1f13-1032-412a-870f-5681c901d474}</UniqueIdentifier>
    </Filter>
    <Filter Include="Source Files\Geometry">
      <UniqueIdentifier>{387320ae-f485-47e5-a5de-e8175a4d36f6}</UniqueIdentifier>
    </Filter>
    <Filter Include="Source Files\Importers">
      <UniqueIdentifier>{f9f029b5-c7f4-4d59-af55-a8df763fe04f}</UniqueIdentifier>
    </Filter>
    <Filter Include="Source Files\3rd Parties\par">
      <UniqueIdentifier>{55b5e136-9c8d-4466-ad0b-80e12d90e867}</UniqueIdentifier>
    </Filter>
    <Filter Include="Source Files\3rd Parties\ImGuizmo">
      <UniqueIdentifier>{5a7db031-16b8-4dce-bad8-93826c156368}</UniqueIdentifier>
    </Filter>
    <Filter Include="Source Files\Space Partition">
      <UniqueIdentifier>{c885deab-4f4c-4461-8643-f0c3e8129fdf}</UniqueIdentifier>
    </Filter>
    <Filter Include="Source Files\Resources">
      <UniqueIdentifier>{bcd7c564-7380-49c8-a1e3-0973e7377868}</UniqueIdentifier>
    </Filter>
  </ItemGroup>
</Project>