<?xml version="1.0" encoding="utf-8"?>
<Project ToolsVersion="4.0" xmlns="http://schemas.microsoft.com/developer/msbuild/2003">
  <ItemGroup>
    <Filter Include="Source Files">
      <UniqueIdentifier>{4FC737F1-C7A5-4376-A066-2A32D752A2FF}</UniqueIdentifier>
      <Extensions>cpp;c;cc;cxx;c++;cppm;ixx;def;odl;idl;hpj;bat;asm;asmx</Extensions>
    </Filter>
    <Filter Include="Header Files">
      <UniqueIdentifier>{93995380-89BD-4b04-88EB-625FBE52EBFB}</UniqueIdentifier>
      <Extensions>h;hh;hpp;hxx;h++;hm;inl;inc;ipp;xsd</Extensions>
    </Filter>
    <Filter Include="Resource Files">
      <UniqueIdentifier>{67DA6AB6-F800-4c08-8B7A-83BB121AAD01}</UniqueIdentifier>
      <Extensions>rc;ico;cur;bmp;dlg;rc2;rct;bin;rgs;gif;jpg;jpeg;jpe;resx;tiff;tif;png;wav;mfcribbon-ms</Extensions>
    </Filter>
    <Filter Include="Source Files\Modules">
      <UniqueIdentifier>{c86a3425-dd78-45ef-a7dd-db0c512bf188}</UniqueIdentifier>
    </Filter>
    <Filter Include="Source Files\Utils">
      <UniqueIdentifier>{fe35c421-5e78-4552-a253-5c856066e5a8}</UniqueIdentifier>
    </Filter>
    <Filter Include="Source Files\3rd Parties">
      <UniqueIdentifier>{042b91da-eb02-46a9-8001-7a723d4814ec}</UniqueIdentifier>
    </Filter>
    <Filter Include="Source Files\3rd Parties\Imgui">
      <UniqueIdentifier>{65da66a7-037f-4c11-a4b1-1f9126242bf2}</UniqueIdentifier>
    </Filter>
    <Filter Include="Source Files\Panels">
      <UniqueIdentifier>{4c352c38-6392-43c1-82cc-c3c9a8ae57f4}</UniqueIdentifier>
    </Filter>
    <Filter Include="Source Files\Render">
      <UniqueIdentifier>{a95807cd-2ad4-4127-bb1b-98ae6ae636e3}</UniqueIdentifier>
    </Filter>
    <Filter Include="Source Files\3rd Parties\parson">
      <UniqueIdentifier>{2687f952-2c4e-4235-99c3-0342d2c00bf3}</UniqueIdentifier>
    </Filter>
    <Filter Include="Source Files\3rd Parties\mmgr">
      <UniqueIdentifier>{f3b70142-fe16-48bc-8a1d-4b748b09308f}</UniqueIdentifier>
    </Filter>
  </ItemGroup>
  <ItemGroup>
    <ClCompile Include="Source\Application.cpp">
      <Filter>Source Files</Filter>
    </ClCompile>
    <ClCompile Include="Source\Main.cpp">
      <Filter>Source Files</Filter>
    </ClCompile>
    <ClCompile Include="Source\Camera3D.cpp">
      <Filter>Source Files\Modules</Filter>
    </ClCompile>
    <ClCompile Include="Source\Input.cpp">
      <Filter>Source Files\Modules</Filter>
    </ClCompile>
    <ClCompile Include="Source\Renderer3D.cpp">
      <Filter>Source Files\Modules</Filter>
    </ClCompile>
    <ClCompile Include="Source\MainScene.cpp">
      <Filter>Source Files\Modules</Filter>
    </ClCompile>
    <ClCompile Include="Source\Window.cpp">
      <Filter>Source Files\Modules</Filter>
    </ClCompile>
    <ClCompile Include="Source\Color.cpp">
      <Filter>Source Files\Utils</Filter>
    </ClCompile>
    <ClCompile Include="Source\glmath.cpp">
      <Filter>Source Files\Utils</Filter>
    </ClCompile>
    <ClCompile Include="Source\Light.cpp">
      <Filter>Source Files\Utils</Filter>
    </ClCompile>
    <ClCompile Include="Source\log.cpp">
      <Filter>Source Files\Utils</Filter>
    </ClCompile>
    <ClCompile Include="Source\Timer.cpp">
      <Filter>Source Files\Utils</Filter>
    </ClCompile>
    <ClCompile Include="Source\Editor.cpp">
      <Filter>Source Files\Modules</Filter>
    </ClCompile>
    <ClCompile Include="Source\PanelConfiguration.cpp">
      <Filter>Source Files\Panels</Filter>
    </ClCompile>
    <ClCompile Include="Source\PanelConsole.cpp">
      <Filter>Source Files\Panels</Filter>
    </ClCompile>
    <ClCompile Include="Source\External\imgui\imgui.cpp">
      <Filter>Source Files\3rd Parties\Imgui</Filter>
    </ClCompile>
    <ClCompile Include="Source\External\imgui\imgui_demo.cpp">
      <Filter>Source Files\3rd Parties\Imgui</Filter>
    </ClCompile>
    <ClCompile Include="Source\External\imgui\imgui_draw.cpp">
      <Filter>Source Files\3rd Parties\Imgui</Filter>
    </ClCompile>
    <ClCompile Include="Source\External\imgui\imgui_impl_opengl3.cpp">
      <Filter>Source Files\3rd Parties\Imgui</Filter>
    </ClCompile>
    <ClCompile Include="Source\External\imgui\imgui_impl_sdl.cpp">
      <Filter>Source Files\3rd Parties\Imgui</Filter>
    </ClCompile>
    <ClCompile Include="Source\External\imgui\imgui_tables.cpp">
      <Filter>Source Files\3rd Parties\Imgui</Filter>
    </ClCompile>
    <ClCompile Include="Source\External\imgui\imgui_widgets.cpp">
      <Filter>Source Files\3rd Parties\Imgui</Filter>
    </ClCompile>
    <ClCompile Include="Source\Buffer.cpp">
      <Filter>Source Files\Render</Filter>
    </ClCompile>
    <ClCompile Include="Source\External\parson\src\parson.c">
      <Filter>Source Files\3rd Parties\parson</Filter>
    </ClCompile>
    <ClCompile Include="Source\External\mmgr\mmgr.cpp">
      <Filter>Source Files\3rd Parties\mmgr</Filter>
    </ClCompile>
  </ItemGroup>
  <ItemGroup>
    <ClInclude Include="Source\Application.h">
      <Filter>Source Files</Filter>
    </ClInclude>
    <ClInclude Include="Source\Camera3D.h">
      <Filter>Source Files\Modules</Filter>
    </ClInclude>
    <ClInclude Include="Source\Input.h">
      <Filter>Source Files\Modules</Filter>
    </ClInclude>
    <ClInclude Include="Source\Renderer3D.h">
      <Filter>Source Files\Modules</Filter>
    </ClInclude>
    <ClInclude Include="Source\MainScene.h">
      <Filter>Source Files\Modules</Filter>
    </ClInclude>
    <ClInclude Include="Source\Window.h">
      <Filter>Source Files\Modules</Filter>
    </ClInclude>
    <ClInclude Include="Source\Color.h">
      <Filter>Source Files\Utils</Filter>
    </ClInclude>
    <ClInclude Include="Source\glmath.h">
      <Filter>Source Files\Utils</Filter>
    </ClInclude>
    <ClInclude Include="Source\Globals.h">
      <Filter>Source Files\Utils</Filter>
    </ClInclude>
    <ClInclude Include="Source\Light.h">
      <Filter>Source Files\Utils</Filter>
    </ClInclude>
    <ClInclude Include="Source\Timer.h">
      <Filter>Source Files\Utils</Filter>
    </ClInclude>
    <ClInclude Include="Source\Editor.h">
      <Filter>Source Files\Modules</Filter>
    </ClInclude>
    <ClInclude Include="Source\Module.h">
      <Filter>Source Files\Modules</Filter>
    </ClInclude>
    <ClInclude Include="Source\Panel.h">
      <Filter>Source Files\Panels</Filter>
    </ClInclude>
    <ClInclude Include="Source\PanelConfiguration.h">
      <Filter>Source Files\Panels</Filter>
    </ClInclude>
    <ClInclude Include="Source\PanelConsole.h">
      <Filter>Source Files\Panels</Filter>
    </ClInclude>
    <ClInclude Include="Source\External\imgui\imconfig.h">
      <Filter>Source Files\3rd Parties\Imgui</Filter>
    </ClInclude>
    <ClInclude Include="Source\External\imgui\imgui.h">
      <Filter>Source Files\3rd Parties\Imgui</Filter>
    </ClInclude>
    <ClInclude Include="Source\External\imgui\imgui_impl_opengl3.h">
      <Filter>Source Files\3rd Parties\Imgui</Filter>
    </ClInclude>
    <ClInclude Include="Source\External\imgui\imgui_impl_opengl3_loader.h">
      <Filter>Source Files\3rd Parties\Imgui</Filter>
    </ClInclude>
    <ClInclude Include="Source\External\imgui\imgui_impl_sdl.h">
      <Filter>Source Files\3rd Parties\Imgui</Filter>
    </ClInclude>
    <ClInclude Include="Source\External\imgui\imgui_internal.h">
      <Filter>Source Files\3rd Parties\Imgui</Filter>
    </ClInclude>
    <ClInclude Include="Source\External\imgui\imstb_rectpack.h">
      <Filter>Source Files\3rd Parties\Imgui</Filter>
    </ClInclude>
    <ClInclude Include="Source\External\imgui\imstb_textedit.h">
      <Filter>Source Files\3rd Parties\Imgui</Filter>
    </ClInclude>
    <ClInclude Include="Source\External\imgui\imstb_truetype.h">
      <Filter>Source Files\3rd Parties\Imgui</Filter>
    </ClInclude>
    <ClInclude Include="Source\Buffer.h">
      <Filter>Source Files\Render</Filter>
    </ClInclude>
    <ClInclude Include="Source\External\parson\src\parson.h">
      <Filter>Source Files\3rd Parties\parson</Filter>
    </ClInclude>
    <ClInclude Include="Source\External\mmgr\mmgr.h">
      <Filter>Source Files\3rd Parties\mmgr</Filter>
    </ClInclude>
    <ClInclude Include="Source\External\mmgr\nommgr.h">
      <Filter>Source Files\3rd Parties\mmgr</Filter>
    </ClInclude>
  </ItemGroup>
</Project>